
Microsoft Visual Studio Solution File, Format Version 12.00
# Visual Studio 15
VisualStudioVersion = 15.0.28307.1231
MinimumVisualStudioVersion = 10.0.40219.1
Project("{FAE04EC0-301F-11D3-BF4B-00C04F79EFBC}") = "CapaPresentacion", "SGI\CapaPresentacion.csproj", "{AFB042CE-9D5B-4EC7-812F-00F9F012F4E5}"
EndProject
Project("{FAE04EC0-301F-11D3-BF4B-00C04F79EFBC}") = "CapaDatos", "AccesoDatos\CapaDatos.csproj", "{742815D8-EAE6-421D-B6C6-40A10A2B7061}"
EndProject
Project("{FAE04EC0-301F-11D3-BF4B-00C04F79EFBC}") = "CapaNegocio", "Modelo\CapaNegocio.csproj", "{0F80F956-9200-4B54-B290-A5EA020831DA}"
EndProject
Project("{FAE04EC0-301F-11D3-BF4B-00C04F79EFBC}") = "facturar", "..\..\..\proyecyo facturacion\facturar\facturar\facturar.csproj", "{BF17DF21-7734-41F4-A69E-928AA54DB14D}"
EndProject
Global
	GlobalSection(SolutionConfigurationPlatforms) = preSolution
		Debug|Any CPU = Debug|Any CPU
		Release|Any CPU = Release|Any CPU
	EndGlobalSection
	GlobalSection(ProjectConfigurationPlatforms) = postSolution
		{AFB042CE-9D5B-4EC7-812F-00F9F012F4E5}.Debug|Any CPU.ActiveCfg = Debug|Any CPU
		{AFB042CE-9D5B-4EC7-812F-00F9F012F4E5}.Debug|Any CPU.Build.0 = Debug|Any CPU
		{AFB042CE-9D5B-4EC7-812F-00F9F012F4E5}.Release|Any CPU.ActiveCfg = Release|Any CPU
		{AFB042CE-9D5B-4EC7-812F-00F9F012F4E5}.Release|Any CPU.Build.0 = Release|Any CPU
		{742815D8-EAE6-421D-B6C6-40A10A2B7061}.Debug|Any CPU.ActiveCfg = Debug|Any CPU
		{742815D8-EAE6-421D-B6C6-40A10A2B7061}.Debug|Any CPU.Build.0 = Debug|Any CPU
		{742815D8-EAE6-421D-B6C6-40A10A2B7061}.Release|Any CPU.ActiveCfg = Release|Any CPU
		{742815D8-EAE6-421D-B6C6-40A10A2B7061}.Release|Any CPU.Build.0 = Release|Any CPU
		{0F80F956-9200-4B54-B290-A5EA020831DA}.Debug|Any CPU.ActiveCfg = Debug|Any CPU
		{0F80F956-9200-4B54-B290-A5EA020831DA}.Debug|Any CPU.Build.0 = Debug|Any CPU
		{0F80F956-9200-4B54-B290-A5EA020831DA}.Release|Any CPU.ActiveCfg = Release|Any CPU
		{0F80F956-9200-4B54-B290-A5EA020831DA}.Release|Any CPU.Build.0 = Release|Any CPU
		{BF17DF21-7734-41F4-A69E-928AA54DB14D}.Debug|Any CPU.ActiveCfg = Debug|Any CPU
		{BF17DF21-7734-41F4-A69E-928AA54DB14D}.Debug|Any CPU.Build.0 = Debug|Any CPU
		{BF17DF21-7734-41F4-A69E-928AA54DB14D}.Release|Any CPU.ActiveCfg = Release|Any CPU
		{BF17DF21-7734-41F4-A69E-928AA54DB14D}.Release|Any CPU.Build.0 = Release|Any CPU
	EndGlobalSection
	GlobalSection(SolutionProperties) = preSolution
		HideSolutionNode = FALSE
	EndGlobalSection
	GlobalSection(ExtensibilityGlobals) = postSolution
		SolutionGuid = {5D8D3B96-FA46-49BD-AF16-32F8C9A99098}
	EndGlobalSection
EndGlobal
